{
  "originHash" : "50982a16db500d4edf26c506290c72728bd0e19093ccda080eafc2a284f35c1d",
  "pins" : [
    {
      "identity" : "stark-ipc",
      "kind" : "remoteSourceControl",
      "location" : "https://github.com/starkwm/stark-ipc",
      "state" : {
        "revision" : "cd2a30196dd647483907be5574baef704df79665",
        "version" : "0.0.5"
      }
    },
    {
      "identity" : "stark-skylight",
      "kind" : "remoteSourceControl",
      "location" : "https://github.com/starkwm/stark-skylight",
      "state" : {
        "revision" : "71e042a4c65ea62b900a696c7ee22b9ef7f4195f",
        "version" : "0.0.3"
      }
    }
  ],
  "version" : 3
}
